
Microsoft Visual Studio Solution File, Format Version 12.00
# Visual Studio Version 17
VisualStudioVersion = 17.14.36202.13 d17.14
MinimumVisualStudioVersion = 10.0.40219.1
Project("{FAE04EC0-301F-11D3-BF4B-00C04F79EFBC}") = "InNeedOfTranslationDetector", "InNeedOfTranslationDetector\InNeedOfTranslationDetector.csproj", "{D5BC16B6-E3AB-4284-B2A4-0D98725369A2}"
EndProject
Global
	GlobalSection(SolutionConfigurationPlatforms) = preSolution
		Debug|Any CPU = Debug|Any CPU
		Release|Any CPU = Release|Any CPU
	EndGlobalSection
	GlobalSection(ProjectConfigurationPlatforms) = postSolution
		{D5BC16B6-E3AB-4284-B2A4-0D98725369A2}.Debug|Any CPU.ActiveCfg = Debug|Any CPU
		{D5BC16B6-E3AB-4284-B2A4-0D98725369A2}.Debug|Any CPU.Build.0 = Debug|Any CPU
		{D5BC16B6-E3AB-4284-B2A4-0D98725369A2}.Release|Any CPU.ActiveCfg = Release|Any CPU
		{D5BC16B6-E3AB-4284-B2A4-0D98725369A2}.Release|Any CPU.Build.0 = Release|Any CPU
	EndGlobalSection
	GlobalSection(SolutionProperties) = preSolution
		HideSolutionNode = FALSE
	EndGlobalSection
	GlobalSection(ExtensibilityGlobals) = postSolution
		SolutionGuid = {DE873121-E68C-41D2-A04E-6EE773B5D8DD}
	EndGlobalSection
EndGlobal
