
Microsoft Visual Studio Solution File, Format Version 12.00
# Visual Studio Version 17
VisualStudioVersion = 17.4.33110.190
MinimumVisualStudioVersion = 10.0.40219.1
Project("{9A19103F-16F7-4668-BE54-9A1E7A4F7556}") = "DLSS Swapper", "src\DLSS Swapper.csproj", "{63586228-FDDE-4E35-9138-7FF35ED61EC1}"
EndProject
Global
	GlobalSection(SolutionConfigurationPlatforms) = preSolution
		Debug|x64 = Debug|x64
		Release|x64 = Release|x64
	EndGlobalSection
	GlobalSection(ProjectConfigurationPlatforms) = postSolution
		{63586228-FDDE-4E35-9138-7FF35ED61EC1}.Debug|x64.ActiveCfg = Debug|x64
		{63586228-FDDE-4E35-9138-7FF35ED61EC1}.Debug|x64.Build.0 = Debug|x64
		{63586228-FDDE-4E35-9138-7FF35ED61EC1}.Release|x64.ActiveCfg = Release|x64
		{63586228-FDDE-4E35-9138-7FF35ED61EC1}.Release|x64.Build.0 = Release|x64
	EndGlobalSection
	GlobalSection(SolutionProperties) = preSolution
		HideSolutionNode = FALSE
	EndGlobalSection
	GlobalSection(ExtensibilityGlobals) = postSolution
		SolutionGuid = {F184BD5E-34A3-4A6C-BB68-09DAC5BD2093}
	EndGlobalSection
EndGlobal
