
Microsoft Visual Studio Solution File, Format Version 12.00
# Visual Studio Version 17
VisualStudioVersion = 17.4.33110.190
MinimumVisualStudioVersion = 10.0.40219.1
Project("{FAE04EC0-301F-11D3-BF4B-00C04F79EFBC}") = "PrePackager", "PrePackager.csproj", "{4340EC84-EFA0-4D8D-A93D-5F70BA9A4228}"
EndProject
Global
	GlobalSection(SolutionConfigurationPlatforms) = preSolution
		Debug|Any CPU = Debug|Any CPU
		Release|Any CPU = Release|Any CPU
	EndGlobalSection
	GlobalSection(ProjectConfigurationPlatforms) = postSolution
		{4340EC84-EFA0-4D8D-A93D-5F70BA9A4228}.Debug|Any CPU.ActiveCfg = Debug|Any CPU
		{4340EC84-EFA0-4D8D-A93D-5F70BA9A4228}.Debug|Any CPU.Build.0 = Debug|Any CPU
		{4340EC84-EFA0-4D8D-A93D-5F70BA9A4228}.Release|Any CPU.ActiveCfg = Release|Any CPU
		{4340EC84-EFA0-4D8D-A93D-5F70BA9A4228}.Release|Any CPU.Build.0 = Release|Any CPU
	EndGlobalSection
	GlobalSection(SolutionProperties) = preSolution
		HideSolutionNode = FALSE
	EndGlobalSection
	GlobalSection(ExtensibilityGlobals) = postSolution
		SolutionGuid = {700BF7EA-0EE5-49A9-AB2F-C32B2CB94C80}
	EndGlobalSection
EndGlobal
